
Microsoft Visual Studio Solution File, Format Version 12.00
# Visual Studio Version 17
VisualStudioVersion = 17.1.32328.378
MinimumVisualStudioVersion = 10.0.40219.1
Project("{FAE04EC0-301F-11D3-BF4B-00C04F79EFBC}") = "QUAN_LY_BAN_HANG", "QUAN_LY_BAN_HANG\QUAN_LY_BAN_HANG.csproj", "{38F99DDA-439C-487F-9480-9E052349FDF1}"
EndProject
Project("{FAE04EC0-301F-11D3-BF4B-00C04F79EFBC}") = "BanHang.Appication", "BanHang.Appication\BanHang.Appication.csproj", "{D48B3803-4F9C-4DD4-936E-4490EBF26469}"
EndProject
Project("{FAE04EC0-301F-11D3-BF4B-00C04F79EFBC}") = "BanHang.Domain", "BanHang.Domain\BanHang.Domain.csproj", "{A5FD6487-D731-4C9A-A1A9-07F68E414682}"
EndProject
Project("{FAE04EC0-301F-11D3-BF4B-00C04F79EFBC}") = "BanHang.Infrastructure", "BanHang.Infrastructure\BanHang.Infrastructure.csproj", "{5F026B22-0768-4F3A-9C77-BC66D3B1C7D9}"
EndProject
Global
	GlobalSection(SolutionConfigurationPlatforms) = preSolution
		Debug|Any CPU = Debug|Any CPU
		Release|Any CPU = Release|Any CPU
	EndGlobalSection
	GlobalSection(ProjectConfigurationPlatforms) = postSolution
		{38F99DDA-439C-487F-9480-9E052349FDF1}.Debug|Any CPU.ActiveCfg = Debug|Any CPU
		{38F99DDA-439C-487F-9480-9E052349FDF1}.Debug|Any CPU.Build.0 = Debug|Any CPU
		{38F99DDA-439C-487F-9480-9E052349FDF1}.Release|Any CPU.ActiveCfg = Release|Any CPU
		{38F99DDA-439C-487F-9480-9E052349FDF1}.Release|Any CPU.Build.0 = Release|Any CPU
		{D48B3803-4F9C-4DD4-936E-4490EBF26469}.Debug|Any CPU.ActiveCfg = Debug|Any CPU
		{D48B3803-4F9C-4DD4-936E-4490EBF26469}.Debug|Any CPU.Build.0 = Debug|Any CPU
		{D48B3803-4F9C-4DD4-936E-4490EBF26469}.Release|Any CPU.ActiveCfg = Release|Any CPU
		{D48B3803-4F9C-4DD4-936E-4490EBF26469}.Release|Any CPU.Build.0 = Release|Any CPU
		{A5FD6487-D731-4C9A-A1A9-07F68E414682}.Debug|Any CPU.ActiveCfg = Debug|Any CPU
		{A5FD6487-D731-4C9A-A1A9-07F68E414682}.Debug|Any CPU.Build.0 = Debug|Any CPU
		{A5FD6487-D731-4C9A-A1A9-07F68E414682}.Release|Any CPU.ActiveCfg = Release|Any CPU
		{A5FD6487-D731-4C9A-A1A9-07F68E414682}.Release|Any CPU.Build.0 = Release|Any CPU
		{5F026B22-0768-4F3A-9C77-BC66D3B1C7D9}.Debug|Any CPU.ActiveCfg = Debug|Any CPU
		{5F026B22-0768-4F3A-9C77-BC66D3B1C7D9}.Debug|Any CPU.Build.0 = Debug|Any CPU
		{5F026B22-0768-4F3A-9C77-BC66D3B1C7D9}.Release|Any CPU.ActiveCfg = Release|Any CPU
		{5F026B22-0768-4F3A-9C77-BC66D3B1C7D9}.Release|Any CPU.Build.0 = Release|Any CPU
	EndGlobalSection
	GlobalSection(SolutionProperties) = preSolution
		HideSolutionNode = FALSE
	EndGlobalSection
	GlobalSection(ExtensibilityGlobals) = postSolution
		SolutionGuid = {D46F2741-9833-4211-A9B5-C8E3F8439354}
	EndGlobalSection
EndGlobal
